// !$*UTF8*$!
{
	archiveVersion = 1;
	classes = {
	};
	objectVersion = 46;
	objects = {

/* Begin PBXBuildFile section */
		09DDDC7F1D0E857B00ECBF59 /* main.m in Sources */ = {isa = PBXBuildFile; fileRef = 09DDDC7E1D0E857B00ECBF59 /* main.m */; };
		09DDDC821D0E857B00ECBF59 /* AppDelegate.m in Sources */ = {isa = PBXBuildFile; fileRef = 09DDDC811D0E857B00ECBF59 /* AppDelegate.m */; };
		09DDDC851D0E857B00ECBF59 /* ViewController.m in Sources */ = {isa = PBXBuildFile; fileRef = 09DDDC841D0E857B00ECBF59 /* ViewController.m */; };
		09DDDC881D0E857B00ECBF59 /* Main.storyboard in Resources */ = {isa = PBXBuildFile; fileRef = 09DDDC861D0E857B00ECBF59 /* Main.storyboard */; };
		09DDDC8A1D0E857B00ECBF59 /* Assets.xcassets in Resources */ = {isa = PBXBuildFile; fileRef = 09DDDC891D0E857B00ECBF59 /* Assets.xcassets */; };
		09DDDC8D1D0E857B00ECBF59 /* LaunchScreen.storyboard in Resources */ = {isa = PBXBuildFile; fileRef = 09DDDC8B1D0E857B00ECBF59 /* LaunchScreen.storyboard */; };
/* End PBXBuildFile section */

/* Begin PBXFileReference section */
		09DDDC7A1D0E857B00ECBF59 /* sortString.app */ = {isa = PBXFileReference; explicitFileType = wrapper.application; includeInIndex = 0; path = sortString.app; sourceTree = BUILT_PRODUCTS_DIR; };
		09DDDC7E1D0E857B00ECBF59 /* main.m */ = {isa = PBXFileReference; lastKnownFileType = sourcecode.c.objc; path = main.m; sourceTree = "<group>"; };
		09DDDC801D0E857B00ECBF59 /* AppDelegate.h */ = {isa = PBXFileReference; lastKnownFileType = sourcecode.c.h; path = AppDelegate.h; sourceTree = "<group>"; };
		09DDDC811D0E857B00ECBF59 /* AppDelegate.m */ = {isa = PBXFileReference; lastKnownFileType = sourcecode.c.objc; path = AppDelegate.m; sourceTree = "<group>"; };
		09DDDC831D0E857B00ECBF59 /* ViewController.h */ = {isa = PBXFileReference; lastKnownFileType = sourcecode.c.h; path = ViewController.h; sourceTree = "<group>"; };
		09DDDC841D0E857B00ECBF59 /* ViewController.m */ = {isa = PBXFileReference; lastKnownFileType = sourcecode.c.objc; path = ViewController.m; sourceTree = "<group>"; };
		09DDDC871D0E857B00ECBF59 /* Base */ = {isa = PBXFileReference; lastKnownFileType = file.storyboard; name = Base; path = Base.lproj/Main.storyboard; sourceTree = "<group>"; };
		09DDDC891D0E857B00ECBF59 /* Assets.xcassets */ = {isa = PBXFileReference; lastKnownFileType = folder.assetcatalog; path = Assets.xcassets; sourceTree = "<group>"; };
		09DDDC8C1D0E857B00ECBF59 /* Base */ = {isa = PBXFileReference; lastKnownFileType = file.storyboard; name = Base; path = Base.lproj/LaunchScreen.storyboard; sourceTree = "<group>"; };
		09DDDC8E1D0E857B00ECBF59 /* Info.plist */ = {isa = PBXFileReference; lastKnownFileType = text.plist.xml; path = Info.plist; sourceTree = "<group>"; };
/* End PBXFileReference section */

/* Begin PBXFrameworksBuildPhase section */
		09DDDC771D0E857B00ECBF59 /* Frameworks */ = {
			isa = PBXFrameworksBuildPhase;
			buildActionMask = 2147483647;
			files = (
			);
			runOnlyForDeploymentPostprocessing = 0;
		};
/* End PBXFrameworksBuildPhase section */

/* Begin PBXGroup section */
		09DDDC711D0E857B00ECBF59 = {
			isa = PBXGroup;
			children = (
				09DDDC7C1D0E857B00ECBF59 /* sortString */,
				09DDDC7B1D0E857B00ECBF59 /* Products */,
			);
			sourceTree = "<group>";
		};
		09DDDC7B1D0E857B00ECBF59 /* Products */ = {
			isa = PBXGroup;
			children = (
				09DDDC7A1D0E857B00ECBF59 /* sortString.app */,
			);
			name = Products;
			sourceTree = "<group>";
		};
		09DDDC7C1D0E857B00ECBF59 /* sortString */ = {
			isa = PBXGroup;
			children = (
				09DDDC801D0E857B00ECBF59 /* AppDelegate.h */,
				09DDDC811D0E857B00ECBF59 /* AppDelegate.m */,
				09DDDC831D0E857B00ECBF59 /* ViewController.h */,
				09DDDC841D0E857B00ECBF59 /* ViewController.m */,
				09DDDC861D0E857B00ECBF59 /* Main.storyboard */,
				09DDDC891D0E857B00ECBF59 /* Assets.xcassets */,
				09DDDC8B1D0E857B00ECBF59 /* LaunchScreen.storyboard */,
				09DDDC8E1D0E857B00ECBF59 /* Info.plist */,
				09DDDC7D1D0E857B00ECBF59 /* Supporting Files */,
			);
			path = sortString;
			sourceTree = "<group>";
		};
		09DDDC7D1D0E857B00ECBF59 /* Supporting Files */ = {
			isa = PBXGroup;
			children = (
				09DDDC7E1D0E857B00ECBF59 /* main.m */,
			);
			name = "Supporting Files";
			sourceTree = "<group>";
		};
/* End PBXGroup section */

/* Begin PBXNativeTarget section */
		09DDDC791D0E857B00ECBF59 /* sortString */ = {
			isa = PBXNativeTarget;
			buildConfigurationList = 09DDDC911D0E857B00ECBF59 /* Build configuration list for PBXNativeTarget "sortString" */;
			buildPhases = (
				09DDDC761D0E857B00ECBF59 /* Sources */,
				09DDDC771D0E857B00ECBF59 /* Frameworks */,
				09DDDC781D0E857B00ECBF59 /* Resources */,
			);
			buildRules = (
			);
			dependencies = (
			);
			name = sortString;
			productName = sortString;
			productReference = 09DDDC7A1D0E857B00ECBF59 /* sortString.app */;
			productType = "com.apple.product-type.application";
		};
/* End PBXNativeTarget section */

/* Begin PBXProject section */
		09DDDC721D0E857B00ECBF59 /* Project object */ = {
			isa = PBXProject;
			attributes = {
				LastUpgradeCheck = 0720;
				ORGANIZATIONNAME = lanchangbin;
				TargetAttributes = {
					09DDDC791D0E857B00ECBF59 = {
						CreatedOnToolsVersion = 7.2;
					};
				};
			};
			buildConfigurationList = 09DDDC751D0E857B00ECBF59 /* Build configuration list for PBXProject "sortString" */;
			compatibilityVersion = "Xcode 3.2";
			developmentRegion = English;
			hasScannedForEncodings = 0;
			knownRegions = (
				en,
				Base,
			);
			mainGroup = 09DDDC711D0E857B00ECBF59;
			productRefGroup = 09DDDC7B1D0E857B00ECBF59 /* Products */;
			projectDirPath = "";
			projectRoot = "";
			targets = (
				09DDDC791D0E857B00ECBF59 /* sortString */,
			);
		};
/* End PBXProject section */

/* Begin PBXResourcesBuildPhase section */
		09DDDC781D0E857B00ECBF59 /* Resources */ = {
			isa = PBXResourcesBuildPhase;
			buildActionMask = 2147483647;
			files = (
				09DDDC8D1D0E857B00ECBF59 /* LaunchScreen.storyboard in Resources */,
				09DDDC8A1D0E857B00ECBF59 /* Assets.xcassets in Resources */,
				09DDDC881D0E857B00ECBF59 /* Main.storyboard in Resources */,
			);
			runOnlyForDeploymentPostprocessing = 0;
		};
/* End PBXResourcesBuildPhase section */

/* Begin PBXSourcesBuildPhase section */
		09DDDC761D0E857B00ECBF59 /* Sources */ = {
			isa = PBXSourcesBuildPhase;
			buildActionMask = 2147483647;
			files = (
				09DDDC851D0E857B00ECBF59 /* ViewController.m in Sources */,
				09DDDC821D0E857B00ECBF59 /* AppDelegate.m in Sources */,
				09DDDC7F1D0E857B00ECBF59 /* main.m in Sources */,
			);
			runOnlyForDeploymentPostprocessing = 0;
		};
/* End PBXSourcesBuildPhase section */

/* Begin PBXVariantGroup section */
		09DDDC861D0E857B00ECBF59 /* Main.storyboard */ = {
			isa = PBXVariantGroup;
			children = (
				09DDDC871D0E857B00ECBF59 /* Base */,
			);
			name = Main.storyboard;
			sourceTree = "<group>";
		};
		09DDDC8B1D0E857B00ECBF59 /* LaunchScreen.storyboard */ = {
			isa = PBXVariantGroup;
			children = (
				09DDDC8C1D0E857B00ECBF59 /* Base */,
			);
			name = LaunchScreen.storyboard;
			sourceTree = "<group>";
		};
/* End PBXVariantGroup section */

/* Begin XCBuildConfiguration section */
		09DDDC8F1D0E857B00ECBF59 /* Debug */ = {
			isa = XCBuildConfiguration;
			buildSettings = {
				ALWAYS_SEARCH_USER_PATHS = NO;
				CLANG_CXX_LANGUAGE_STANDARD = "gnu++0x";
				CLANG_CXX_LIBRARY = "libc++";
				CLANG_ENABLE_MODULES = YES;
				CLANG_ENABLE_OBJC_ARC = YES;
				CLANG_WARN_BOOL_CONVERSION = YES;
				CLANG_WARN_CONSTANT_CONVERSION = YES;
				CLANG_WARN_DIRECT_OBJC_ISA_USAGE = YES_ERROR;
				CLANG_WARN_EMPTY_BODY = YES;
				CLANG_WARN_ENUM_CONVERSION = YES;
				CLANG_WARN_INT_CONVERSION = YES;
				CLANG_WARN_OBJC_ROOT_CLASS = YES_ERROR;
				CLANG_WARN_UNREACHABLE_CODE = YES;
				CLANG_WARN__DUPLICATE_METHOD_MATCH = YES;
				"CODE_SIGN_IDENTITY[sdk=iphoneos*]" = "iPhone Developer";
				COPY_PHASE_STRIP = NO;
				DEBUG_INFORMATION_FORMAT = dwarf;
				ENABLE_STRICT_OBJC_MSGSEND = YES;
				ENABLE_TESTABILITY = YES;
				GCC_C_LANGUAGE_STANDARD = gnu99;
				GCC_DYNAMIC_NO_PIC = NO;
				GCC_NO_COMMON_BLOCKS = YES;
				GCC_OPTIMIZATION_LEVEL = 0;
				GCC_PREPROCESSOR_DEFINITIONS = (
					"DEBUG=1",
					"$(inherited)",
				);
				GCC_WARN_64_TO_32_BIT_CONVERSION = YES;
				GCC_WARN_ABOUT_RETURN_TYPE = YES_ERROR;
				GCC_WARN_UNDECLARED_SELECTOR = YES;
				GCC_WARN_UNINITIALIZED_AUTOS = YES_AGGRESSIVE;
				GCC_WARN_UNUSED_FUNCTION = YES;
				GCC_WARN_UNUSED_VARIABLE = YES;
				IPHONEOS_DEPLOYMENT_TARGET = 9.2;
				MTL_ENABLE_DEBUG_INFO = YES;
				ONLY_ACTIVE_ARCH = YES;
				SDKROOT = iphoneos;
				TARGETED_DEVICE_FAMILY = "1,2";
			};
			name = Debug;
		};
		09DDDC901D0E857B00ECBF59 /* Release */ = {
			isa = XCBuildConfiguration;
			buildSettings = {
				ALWAYS_SEARCH_USER_PATHS = NO;
				CLANG_CXX_LANGUAGE_STANDARD = "gnu++0x";
				CLANG_CXX_LIBRARY = "libc++";
				CLANG_ENABLE_MODULES = YES;
				CLANG_ENABLE_OBJC_ARC = YES;
				CLANG_WARN_BOOL_CONVERSION = YES;
				CLANG_WARN_CONSTANT_CONVERSION = YES;
				CLANG_WARN_DIRECT_OBJC_ISA_USAGE = YES_ERROR;
				CLANG_WARN_EMPTY_BODY = YES;
				CLANG_WARN_ENUM_CONVERSION = YES;
				CLANG_WARN_INT_CONVERSION = YES;
				CLANG_WARN_OBJC_ROOT_CLASS = YES_ERROR;
				CLANG_WARN_UNREACHABLE_CODE = YES;
				CLANG_WARN__DUPLICATE_METHOD_MATCH = YES;
				"CODE_SIGN_IDENTITY[sdk=iphoneos*]" = "iPhone Developer";
				COPY_PHASE_STRIP = NO;
				DEBUG_INFORMATION_FORMAT = "dwarf-with-dsym";
				ENABLE_NS_ASSERTIONS = NO;
				ENABLE_STRICT_OBJC_MSGSEND = YES;
				GCC_C_LANGUAGE_STANDARD = gnu99;
				GCC_NO_COMMON_BLOCKS = YES;
				GCC_WARN_64_TO_32_BIT_CONVERSION = YES;
				GCC_WARN_ABOUT_RETURN_TYPE = YES_ERROR;
				GCC_WARN_UNDECLARED_SELECTOR = YES;
				GCC_WARN_UNINITIALIZED_AUTOS = YES_AGGRESSIVE;
				GCC_WARN_UNUSED_FUNCTION = YES;
				GCC_WARN_UNUSED_VARIABLE = YES;
				IPHONEOS_DEPLOYMENT_TARGET = 9.2;
				MTL_ENABLE_DEBUG_INFO = NO;
				SDKROOT = iphoneos;
				TARGETED_DEVICE_FAMILY = "1,2";
				VALIDATE_PRODUCT = YES;
			};
			name = Release;
		};
		09DDDC921D0E857B00ECBF59 /* Debug */ = {
			isa = XCBuildConfiguration;
			buildSettings = {
				ASSETCATALOG_COMPILER_APPICON_NAME = AppIcon;
				INFOPLIST_FILE = sortString/Info.plist;
				LD_RUNPATH_SEARCH_PATHS = "$(inherited) @executable_path/Frameworks";
				PRODUCT_BUNDLE_IDENTIFIER = com.lanchangbin.sortString;
				PRODUCT_NAME = "$(TARGET_NAME)";
			};
			name = Debug;
		};
		09DDDC931D0E857B00ECBF59 /* Release */ = {
			isa = XCBuildConfiguration;
			buildSettings = {
				ASSETCATALOG_COMPILER_APPICON_NAME = AppIcon;
				INFOPLIST_FILE = sortString/Info.plist;
				LD_RUNPATH_SEARCH_PATHS = "$(inherited) @executable_path/Frameworks";
				PRODUCT_BUNDLE_IDENTIFIER = com.lanchangbin.sortString;
				PRODUCT_NAME = "$(TARGET_NAME)";
			};
			name = Release;
		};
/* End XCBuildConfiguration section */

/* Begin XCConfigurationList section */
		09DDDC751D0E857B00ECBF59 /* Build configuration list for PBXProject "sortString" */ = {
			isa = XCConfigurationList;
			buildConfigurations = (
				09DDDC8F1D0E857B00ECBF59 /* Debug */,
				09DDDC901D0E857B00ECBF59 /* Release */,
			);
			defaultConfigurationIsVisible = 0;
			defaultConfigurationName = Release;
		};
		09DDDC911D0E857B00ECBF59 /* Build configuration list for PBXNativeTarget "sortString" */ = {
			isa = XCConfigurationList;
			buildConfigurations = (
				09DDDC921D0E857B00ECBF59 /* Debug */,
				09DDDC931D0E857B00ECBF59 /* Release */,
			);
			defaultConfigurationIsVisible = 0;
		};
/* End XCConfigurationList section */
	};
	rootObject = 09DDDC721D0E857B00ECBF59 /* Project object */;
}
